# Versions résolues le 2026-08-08T00:54:54+02:00
php=8.5.9-fpm-alpine3.24
nginx=1.30.4-alpine
postgres=18.4-alpine
rabbitmq=4.3.4-management-alpine
composer=2
# Composer n'est pas figé exactement : seule la branche majeure est épinglée.
# Version disponible à la génération (pour référence) :
composer-resolved=2.10.2
symfony-cli=5.17.1
ext-amqp=2.2.0
ext-xdebug=3.5.3
symfony=8.1
# symfony/skeleton n'expose qu'un tag placeholder par branche ; le figeage réel
# des dépendances applicatives est assuré par backend/composer.lock.
symfony-skeleton-tag=8.1.99
api-platform=4.3.17
node=26.7.0-alpine3.24
create-vite=9.1.2
